
Microsoft Visual Studio Solution File, Format Version 12.00
# Visual Studio 15
VisualStudioVersion = 15.0.27130.2036
MinimumVisualStudioVersion = 10.0.40219.1
Project("{FAE04EC0-301F-11D3-BF4B-00C04F79EFBC}") = "Demo_NTier_PresentationLayer", "Demo_NTier_PresentationLayer\Demo_NTier_PresentationLayer.csproj", "{E5DA498E-39BF-4B07-AAD6-F03835E2D0AF}"
EndProject
Project("{2150E333-8FDC-42A3-9474-1A3956D46DE8}") = "Documentation", "Documentation", "{BD6349D2-5F38-4BB9-BF0D-72E326C7FF29}"
	ProjectSection(SolutionItems) = preProject
		ReadMe.md = ReadMe.md
	EndProjectSection
EndProject
Project("{FAE04EC0-301F-11D3-BF4B-00C04F79EFBC}") = "Demo_NTier_DataAccessLayer", "Demo_NTier_DataAccessLayer\Demo_NTier_DataAccessLayer.csproj", "{A2EBDF8C-5D88-4926-AED5-961A0D1E4DB8}"
EndProject
Project("{FAE04EC0-301F-11D3-BF4B-00C04F79EFBC}") = "Demo_NTier_DomainLayer", "Demo_NTier_DomainLayer\Demo_NTier_DomainLayer.csproj", "{9CC769C8-E56D-4EFA-A57F-4BAC224B3D36}"
EndProject
Project("{FAE04EC0-301F-11D3-BF4B-00C04F79EFBC}") = "Demo_NTier_BusinessLogicLayer", "Demo_NTier_BusinessLogicLayer\Demo_NTier_BusinessLogicLayer.csproj", "{3A3BA84C-4580-4E64-8826-7666EC1F6FA2}"
EndProject
Project("{FAE04EC0-301F-11D3-BF4B-00C04F79EFBC}") = "Demo_NTier_StartUp", "Demo_NTier_Startup\Demo_NTier_StartUp.csproj", "{5D541676-8AB1-4B9C-AF3C-522B17E8A815}"
EndProject
Global
	GlobalSection(SolutionConfigurationPlatforms) = preSolution
		Debug|Any CPU = Debug|Any CPU
		Release|Any CPU = Release|Any CPU
	EndGlobalSection
	GlobalSection(ProjectConfigurationPlatforms) = postSolution
		{E5DA498E-39BF-4B07-AAD6-F03835E2D0AF}.Debug|Any CPU.ActiveCfg = Debug|Any CPU
		{E5DA498E-39BF-4B07-AAD6-F03835E2D0AF}.Debug|Any CPU.Build.0 = Debug|Any CPU
		{E5DA498E-39BF-4B07-AAD6-F03835E2D0AF}.Release|Any CPU.ActiveCfg = Release|Any CPU
		{E5DA498E-39BF-4B07-AAD6-F03835E2D0AF}.Release|Any CPU.Build.0 = Release|Any CPU
		{A2EBDF8C-5D88-4926-AED5-961A0D1E4DB8}.Debug|Any CPU.ActiveCfg = Debug|Any CPU
		{A2EBDF8C-5D88-4926-AED5-961A0D1E4DB8}.Debug|Any CPU.Build.0 = Debug|Any CPU
		{A2EBDF8C-5D88-4926-AED5-961A0D1E4DB8}.Release|Any CPU.ActiveCfg = Release|Any CPU
		{A2EBDF8C-5D88-4926-AED5-961A0D1E4DB8}.Release|Any CPU.Build.0 = Release|Any CPU
		{9CC769C8-E56D-4EFA-A57F-4BAC224B3D36}.Debug|Any CPU.ActiveCfg = Debug|Any CPU
		{9CC769C8-E56D-4EFA-A57F-4BAC224B3D36}.Debug|Any CPU.Build.0 = Debug|Any CPU
		{9CC769C8-E56D-4EFA-A57F-4BAC224B3D36}.Release|Any CPU.ActiveCfg = Release|Any CPU
		{9CC769C8-E56D-4EFA-A57F-4BAC224B3D36}.Release|Any CPU.Build.0 = Release|Any CPU
		{3A3BA84C-4580-4E64-8826-7666EC1F6FA2}.Debug|Any CPU.ActiveCfg = Debug|Any CPU
		{3A3BA84C-4580-4E64-8826-7666EC1F6FA2}.Debug|Any CPU.Build.0 = Debug|Any CPU
		{3A3BA84C-4580-4E64-8826-7666EC1F6FA2}.Release|Any CPU.ActiveCfg = Release|Any CPU
		{3A3BA84C-4580-4E64-8826-7666EC1F6FA2}.Release|Any CPU.Build.0 = Release|Any CPU
		{5D541676-8AB1-4B9C-AF3C-522B17E8A815}.Debug|Any CPU.ActiveCfg = Debug|Any CPU
		{5D541676-8AB1-4B9C-AF3C-522B17E8A815}.Debug|Any CPU.Build.0 = Debug|Any CPU
		{5D541676-8AB1-4B9C-AF3C-522B17E8A815}.Release|Any CPU.ActiveCfg = Release|Any CPU
		{5D541676-8AB1-4B9C-AF3C-522B17E8A815}.Release|Any CPU.Build.0 = Release|Any CPU
	EndGlobalSection
	GlobalSection(SolutionProperties) = preSolution
		HideSolutionNode = FALSE
	EndGlobalSection
	GlobalSection(ExtensibilityGlobals) = postSolution
		SolutionGuid = {1AFB2490-3488-4916-B86D-DDAF28A15528}
	EndGlobalSection
EndGlobal
